{
    "version": 3,
    "terraform_version": "0.11.11",
    "serial": 3,
    "lineage": "94bdff9d-b8f1-8481-191e-e6e9269be3ce",
    "modules": [
        {
            "path": [
                "root"
            ],
            "outputs": {},
            "resources": {
                "google_project.provisioner-project": {
                    "type": "google_project",
                    "depends_on": [
                        "random_id.random"
                    ],
                    "primary": {
                        "id": "provisioner-21eeb5948763cbf8",
                        "attributes": {
                            "app_engine.#": "0",
                            "auto_create_network": "true",
                            "billing_account": "01160D-C9D630-DC571C",
                            "folder_id": "",
                            "id": "provisioner-21eeb5948763cbf8",
                            "labels.%": "0",
                            "name": "provisioner-21eeb5948763cbf8",
                            "number": "83499782250",
                            "org_id": "943433058474",
                            "project_id": "provisioner-21eeb5948763cbf8"
                        },
                        "meta": {
                            "schema_version": "1"
                        },
                        "tainted": false
                    },
                    "deposed": [],
                    "provider": "provider.google"
                },
                "google_project_iam_member.service-account.0": {
                    "type": "google_project_iam_member",
                    "depends_on": [
                        "google_project.provisioner-project",
                        "google_service_account.provisioner-svc"
                    ],
                    "primary": {
                        "id": "provisioner-21eeb5948763cbf8/roles/billing.projectManager/serviceAccount:provisioner-svc@provisioner-21eeb5948763cbf8.iam.gserviceaccount.com",
                        "attributes": {
                            "etag": "BwWHUJIICs4=",
                            "id": "provisioner-21eeb5948763cbf8/roles/billing.projectManager/serviceAccount:provisioner-svc@provisioner-21eeb5948763cbf8.iam.gserviceaccount.com",
                            "member": "serviceAccount:provisioner-svc@provisioner-21eeb5948763cbf8.iam.gserviceaccount.com",
                            "project": "provisioner-21eeb5948763cbf8",
                            "role": "roles/billing.projectManager"
                        },
                        "meta": {},
                        "tainted": false
                    },
                    "deposed": [],
                    "provider": "provider.google"
                },
                "google_project_iam_member.service-account.1": {
                    "type": "google_project_iam_member",
                    "depends_on": [
                        "google_project.provisioner-project",
                        "google_service_account.provisioner-svc"
                    ],
                    "primary": {
                        "id": "provisioner-21eeb5948763cbf8/roles/resourcemanager.projectIamAdmin/serviceAccount:provisioner-svc@provisioner-21eeb5948763cbf8.iam.gserviceaccount.com",
                        "attributes": {
                            "etag": "BwWHUJIICs4=",
                            "id": "provisioner-21eeb5948763cbf8/roles/resourcemanager.projectIamAdmin/serviceAccount:provisioner-svc@provisioner-21eeb5948763cbf8.iam.gserviceaccount.com",
                            "member": "serviceAccount:provisioner-svc@provisioner-21eeb5948763cbf8.iam.gserviceaccount.com",
                            "project": "provisioner-21eeb5948763cbf8",
                            "role": "roles/resourcemanager.projectIamAdmin"
                        },
                        "meta": {},
                        "tainted": false
                    },
                    "deposed": [],
                    "provider": "provider.google"
                },
                "google_project_service.cloud_billing_api": {
                    "type": "google_project_service",
                    "depends_on": [
                        "google_project.provisioner-project"
                    ],
                    "primary": {
                        "id": "provisioner-21eeb5948763cbf8/cloudbilling.googleapis.com",
                        "attributes": {
                            "disable_on_destroy": "false",
                            "id": "provisioner-21eeb5948763cbf8/cloudbilling.googleapis.com",
                            "project": "provisioner-21eeb5948763cbf8",
                            "service": "cloudbilling.googleapis.com"
                        },
                        "meta": {},
                        "tainted": false
                    },
                    "deposed": [],
                    "provider": "provider.google"
                },
                "google_project_service.cloud_resource_manager_api": {
                    "type": "google_project_service",
                    "depends_on": [
                        "google_project.provisioner-project"
                    ],
                    "primary": {
                        "id": "provisioner-21eeb5948763cbf8/cloudresourcemanager.googleapis.com",
                        "attributes": {
                            "disable_on_destroy": "false",
                            "id": "provisioner-21eeb5948763cbf8/cloudresourcemanager.googleapis.com",
                            "project": "provisioner-21eeb5948763cbf8",
                            "service": "cloudresourcemanager.googleapis.com"
                        },
                        "meta": {},
                        "tainted": false
                    },
                    "deposed": [],
                    "provider": "provider.google"
                },
                "google_project_service.iam_api": {
                    "type": "google_project_service",
                    "depends_on": [
                        "google_project.provisioner-project"
                    ],
                    "primary": {
                        "id": "provisioner-21eeb5948763cbf8/iam.googleapis.com",
                        "attributes": {
                            "disable_on_destroy": "false",
                            "id": "provisioner-21eeb5948763cbf8/iam.googleapis.com",
                            "project": "provisioner-21eeb5948763cbf8",
                            "service": "iam.googleapis.com"
                        },
                        "meta": {},
                        "tainted": false
                    },
                    "deposed": [],
                    "provider": "provider.google"
                },
                "google_project_service.service_management_api": {
                    "type": "google_project_service",
                    "depends_on": [
                        "google_project.provisioner-project"
                    ],
                    "primary": {
                        "id": "provisioner-21eeb5948763cbf8/servicemanagement.googleapis.com",
                        "attributes": {
                            "disable_on_destroy": "false",
                            "id": "provisioner-21eeb5948763cbf8/servicemanagement.googleapis.com",
                            "project": "provisioner-21eeb5948763cbf8",
                            "service": "servicemanagement.googleapis.com"
                        },
                        "meta": {},
                        "tainted": false
                    },
                    "deposed": [],
                    "provider": "provider.google"
                },
                "google_service_account.provisioner-svc": {
                    "type": "google_service_account",
                    "depends_on": [
                        "google_project.provisioner-project"
                    ],
                    "primary": {
                        "id": "projects/provisioner-21eeb5948763cbf8/serviceAccounts/provisioner-svc@provisioner-21eeb5948763cbf8.iam.gserviceaccount.com",
                        "attributes": {
                            "account_id": "provisioner-svc",
                            "display_name": "provisioner-svc",
                            "email": "provisioner-svc@provisioner-21eeb5948763cbf8.iam.gserviceaccount.com",
                            "id": "projects/provisioner-21eeb5948763cbf8/serviceAccounts/provisioner-svc@provisioner-21eeb5948763cbf8.iam.gserviceaccount.com",
                            "name": "projects/provisioner-21eeb5948763cbf8/serviceAccounts/provisioner-svc@provisioner-21eeb5948763cbf8.iam.gserviceaccount.com",
                            "project": "provisioner-21eeb5948763cbf8",
                            "unique_id": "104872783254480395839"
                        },
                        "meta": {},
                        "tainted": false
                    },
                    "deposed": [],
                    "provider": "provider.google"
                },
                "google_service_account_key.provisioner": {
                    "type": "google_service_account_key",
                    "depends_on": [
                        "google_service_account.provisioner-svc"
                    ],
                    "primary": {
                        "id": "projects/provisioner-21eeb5948763cbf8/serviceAccounts/provisioner-svc@provisioner-21eeb5948763cbf8.iam.gserviceaccount.com/keys/377f09d1250902eeb53cdcd0a435244806f9d812",
                        "attributes": {
                            "id": "projects/provisioner-21eeb5948763cbf8/serviceAccounts/provisioner-svc@provisioner-21eeb5948763cbf8.iam.gserviceaccount.com/keys/377f09d1250902eeb53cdcd0a435244806f9d812",
                            "key_algorithm": "KEY_ALG_RSA_2048",
                            "name": "projects/provisioner-21eeb5948763cbf8/serviceAccounts/provisioner-svc@provisioner-21eeb5948763cbf8.iam.gserviceaccount.com/keys/377f09d1250902eeb53cdcd0a435244806f9d812",
                            "private_key": "ewogICJ0eXBlIjogInNlcnZpY2VfYWNjb3VudCIsCiAgInByb2plY3RfaWQiOiAicHJvdmlzaW9uZXItMjFlZWI1OTQ4NzYzY2JmOCIsCiAgInByaXZhdGVfa2V5X2lkIjogIjM3N2YwOWQxMjUwOTAyZWViNTNjZGNkMGE0MzUyNDQ4MDZmOWQ4MTIiLAogICJwcml2YXRlX2tleSI6ICItLS0tLUJFR0lOIFBSSVZBVEUgS0VZLS0tLS1cbk1JSUV2Z0lCQURBTkJna3Foa2lHOXcwQkFRRUZBQVNDQktnd2dnU2tBZ0VBQW9JQkFRQ3dBbmtuNlVMYmg4Z2NcbmV1czVURWltR0toRjBGK000NnZxSVBrWXUvUDZUTUxWQkR4dVFoV1k1a2RNM1cwYVh3Mmh3MTlmd0hNYWFGRmlcbjFPeVdZYktMTmRNREcyc2JRaXI3US95ZEFpRVQ5NnpLaFNrSnZ4OHIzT1d4WC9wUDhXOVc5V2QzdXo4Q1V6UTBcblhiY3ZxWHJNNUVlbE8vUW0zalZ5bWY1R0p6Q3ZqUm83anNoYkNvYm9xbkZscVJYNm4zS21DY3hYMnFmVVRnejRcbkYvNzZLUEFDcDZCRDJaVTI1elVhd25Mem96QjFBS3V2OWdhWG1ObUFGOE5YRWtNOUJvMElTa3IxdkF2bnp6N2hcbndwbUIvTEJoQVl2NURVQ21DZUZPeHEvblJLcTYrSkxjR2hLcEhJcjVSUzVvV243R1NGbldpL3lXdW9jRWlHcENcbjFld1BESnA1QWdNQkFBRUNnZ0VBRVQxU3h1QWI5SEwwbkthRkFPWWFCUXZMK3BlVjdrK3ovR0VacU95cThXQ2dcbm9qcnhuTmFUOVRlVDh3RktzUTh2bjRFcWg2OUt6dUs2R3dFeVFhb0UwZ29WOXB0U1JyZVl6R2JjdUxlM1MvU0JcbnpBM1dKczVkcEI4VkwrWVAxMUgxZHZuZk5pemsxMnBWSmc1cVZZeW0rcWZlNVI0dDFEdEdWcWppN1JYa1dNTmlcbkluMU1XQlh1WU54b0Z0bDljZ1lKM2Q1Znl6MnlqNS9Vb1BvdjFYWVFPejVOcFpEV0tZUFd3a0RuQitzNTY4a3hcbnRUL2Z1amxWbHpTT0poQ1kvTDgvTSswbmJHRDQycHA5TjJTZlFRZG11Y2ExUEcvSVpUQzM2b3FlcHZXandEeWdcbmxvYnZMUkJMQ21RUnlnazdySWxzMklJL3pVQ2w2YlpwQlhjdkZDSk5JUUtCZ1FEM3ZMVGpsRU5kOHhEZitCczVcbkJvN0JlL3BiS0FBcFhZYzBUUUR2cFpDZGRSYld4Qm9STnV3YWViM004d0JMNnY1eTdjdkRkSTFPeEdUaGNVTGdcbk5XRzFZOUloY1NnUlQyekd0NzNhRkdBbXJPSjhSNUZseHlUVmh4VHJjRUtRcnoraERsMHBhMExzWmlOWWpRZkZcbk1Bbi9wYkhpeE5ZVEFGaVJtUTF5V2FJTFlRS0JnUUMxNFZNV2tUeXBDam9TQ0l3OXU4OFhxL1BaSEp5QWpncWpcbmZySHpHQXBDWVFtSkliQ1o0Q0JERkZPKzVuV1FpTjRUTVdZL3VTSlV6RHZIZDRVVHFjbytHclkyZDhhR0JvdjJcbmJURzdna040Q01mdnFJS0cyUXd4M0dHVEI0amUzMS8xSE5OaGZnb2NRSGI5SERhZGxHek81UXkzbVN5RUoxbFJcbmJCMDYrbmcrR1FLQmdRQ0d5b3Y1VDFBZ0xBSkFlalFGb1FYSFRIZDVaWmhBNlh5SS9tVEYvMlZoNXJWWWdUWlZcbnEzWm5LVm9WeXhtY05PM2hCblZaa1c3WkxvNWRBMDBKeE1HMitlcjQreUo3MktVc3NnaUFRWm5YTVRYQnZRYmxcblE2ZE03c1I1SFlsNlEzL3hWMmxsQWRGVjRuVFUxMWNrK1BCWHdvVzVCclFiZnBLeUZYNTFlME5wd1FLQmdCMVZcbmpCc1ZyWnp0NDFQSlFTVXJ4MGpnR09JcGRTeGV2R1NHS0prMmhXRVRXWUJlaUtjb3VNdFkyZkR1Sm9QN0x5WVZcblQ1SnpmNUFCcUpxUk1rdHJsUXpUTGhRMjJUUUFsazVXYWpEOTMzZmFvclNLanhMRXF1elh5SHo0T0NFS0VlWHNcbmtrTWxHdWhYbFZsWlZZMnd4S1BSMlcwN0xTemJVOUtJQjJiZHdzcnhBb0dCQU8yWGtRaFlLYVA1UEhNdExwM3ZcbkJwM2hGNlREYXcvQWVlT3ZRMTVIWFRZMloyTmlCSVNycXF5TndVQ21qOHZsV0wrV3puTVIrQ1VBbFh5bytSd01cblJPQlZtOCtyajFVYzB2TC9tTW13Rld1UkxYMEhQRks4MG10d0VGdHRsRmlUamIyQkM0RTlicTkwUTg3ZElWcVVcbmlaMm4wMytncHZqd0xTUmYvcC9KNDlUVlxuLS0tLS1FTkQgUFJJVkFURSBLRVktLS0tLVxuIiwKICAiY2xpZW50X2VtYWlsIjogInByb3Zpc2lvbmVyLXN2Y0Bwcm92aXNpb25lci0yMWVlYjU5NDg3NjNjYmY4LmlhbS5nc2VydmljZWFjY291bnQuY29tIiwKICAiY2xpZW50X2lkIjogIjEwNDg3Mjc4MzI1NDQ4MDM5NTgzOSIsCiAgImF1dGhfdXJpIjogImh0dHBzOi8vYWNjb3VudHMuZ29vZ2xlLmNvbS9vL29hdXRoMi9hdXRoIiwKICAidG9rZW5fdXJpIjogImh0dHBzOi8vb2F1dGgyLmdvb2dsZWFwaXMuY29tL3Rva2VuIiwKICAiYXV0aF9wcm92aWRlcl94NTA5X2NlcnRfdXJsIjogImh0dHBzOi8vd3d3Lmdvb2dsZWFwaXMuY29tL29hdXRoMi92MS9jZXJ0cyIsCiAgImNsaWVudF94NTA5X2NlcnRfdXJsIjogImh0dHBzOi8vd3d3Lmdvb2dsZWFwaXMuY29tL3JvYm90L3YxL21ldGFkYXRhL3g1MDkvcHJvdmlzaW9uZXItc3ZjJTQwcHJvdmlzaW9uZXItMjFlZWI1OTQ4NzYzY2JmOC5pYW0uZ3NlcnZpY2VhY2NvdW50LmNvbSIKfQo=",
                            "private_key_type": "TYPE_GOOGLE_CREDENTIALS_FILE",
                            "public_key": "LS0tLS1CRUdJTiBDRVJUSUZJQ0FURS0tLS0tCk1JSUMrakNDQWVLZ0F3SUJBZ0lJTVlPdDJKbTR3M1F3RFFZSktvWklodmNOQVFFRkJRQXdJREVlTUJ3R0ExVUUKQXhNVk1UQTBPRGN5Tnpnek1qVTBORGd3TXprMU9ETTVNQjRYRFRFNU1EUXlOVEF4TVRZek0xb1hEVEk1TURReQpNakF4TVRZek0xb3dJREVlTUJ3R0ExVUVBeE1WTVRBME9EY3lOemd6TWpVME5EZ3dNemsxT0RNNU1JSUJJakFOCkJna3Foa2lHOXcwQkFRRUZBQU9DQVE4QU1JSUJDZ0tDQVFFQXNBSjVKK2xDMjRmSUhIcnJPVXhJcGhpb1JkQmYKak9PcjZpRDVHTHZ6K2t6QzFRUThia0lWbU9aSFROMXRHbDhOb2NOZlg4QnpHbWhSWXRUc2xtR3lpelhUQXh0cgpHMElxKzBQOG5RSWhFL2VzeW9VcENiOGZLOXpsc1YvNlQvRnZWdlZuZDdzL0FsTTBORjIzTDZsNnpPUkhwVHYwCkp0NDFjcG4rUmljd3I0MGFPNDdJV3dxRzZLcHhaYWtWK3A5eXBnbk1WOXFuMUU0TStCZisraWp3QXFlZ1E5bVYKTnVjMUdzSnk4Nk13ZFFDcnIvWUdsNWpaZ0JmRFZ4SkRQUWFOQ0VwSzlid0w1ODgrNGNLWmdmeXdZUUdMK1ExQQpwZ25oVHNhdjUwU3F1dmlTM0JvU3FSeUsrVVV1YUZwK3hraFoxb3Y4bHJxSEJJaHFRdFhzRHd5YWVRSURBUUFCCm96Z3dOakFNQmdOVkhSTUJBZjhFQWpBQU1BNEdBMVVkRHdFQi93UUVBd0lIZ0RBV0JnTlZIU1VCQWY4RUREQUsKQmdnckJnRUZCUWNEQWpBTkJna3Foa2lHOXcwQkFRVUZBQU9DQVFFQUZzZCtQUXZCbEh4ZTZVQVdsM3lOU0U5aQpzSnM4SkhHKzV5dlV4OGtJbkk3bTd1b0VXVHZxczZYYmZhSXJlS1l2NHRQQkRLcWQ3eFNxbWZTQjhuTC95VEt6CnNJeDdCUFhOTVJIeG5FbG1aMjFyS1kxaFRNdktrbFVNWWxWaFZMMVdMNFo3RFpsQ2ludkZGNG9kY1FpNTlicDUKRTB6Nzgycm5GcDVTdmJTY2JWQTFMaDA0UEM2Rm5SUFQ0NlprbUh4cVI4TDUvdmlRajBQMWpSL3pVa3UwL09TYwpTa080a1ljbTBRdGVpVXV6TFd4UEs4aGFIRE4yOWV2d0VZOHhVMzBhQkEzY3VLM0x0cWdWTDhqMG5XcXhwZytiCm96c3dpbVN4MUpMeFlUQXRFUFpPTVVCQnBRUmZVRHowWDVzZ05pdVhvWmZiZTlYVE1FY2NacnZHVWFWa1lRPT0KLS0tLS1FTkQgQ0VSVElGSUNBVEUtLS0tLQo=",
                            "public_key_type": "TYPE_X509_PEM_FILE",
                            "service_account_id": "projects/provisioner-21eeb5948763cbf8/serviceAccounts/provisioner-svc@provisioner-21eeb5948763cbf8.iam.gserviceaccount.com",
                            "valid_after": "2019-04-25T01:16:33Z",
                            "valid_before": "2029-04-22T01:16:33Z"
                        },
                        "meta": {},
                        "tainted": false
                    },
                    "deposed": [],
                    "provider": "provider.google"
                },
                "local_file.provisioner-svc-private": {
                    "type": "local_file",
                    "depends_on": [
                        "google_service_account_key.provisioner"
                    ],
                    "primary": {
                        "id": "9087d88e770aa6faea47af47bc13f15749269e96",
                        "attributes": {
                            "content": "{\n  \"type\": \"service_account\",\n  \"project_id\": \"provisioner-21eeb5948763cbf8\",\n  \"private_key_id\": \"377f09d1250902eeb53cdcd0a435244806f9d812\",\n  \"private_key\": \"-----BEGIN PRIVATE KEY-----\\nMIIEvgIBADANBgkqhkiG9w0BAQEFAASCBKgwggSkAgEAAoIBAQCwAnkn6ULbh8gc\\neus5TEimGKhF0F+M46vqIPkYu/P6TMLVBDxuQhWY5kdM3W0aXw2hw19fwHMaaFFi\\n1OyWYbKLNdMDG2sbQir7Q/ydAiET96zKhSkJvx8r3OWxX/pP8W9W9Wd3uz8CUzQ0\\nXbcvqXrM5EelO/Qm3jVymf5GJzCvjRo7jshbCoboqnFlqRX6n3KmCcxX2qfUTgz4\\nF/76KPACp6BD2ZU25zUawnLzozB1AKuv9gaXmNmAF8NXEkM9Bo0ISkr1vAvnzz7h\\nwpmB/LBhAYv5DUCmCeFOxq/nRKq6+JLcGhKpHIr5RS5oWn7GSFnWi/yWuocEiGpC\\n1ewPDJp5AgMBAAECggEAET1SxuAb9HL0nKaFAOYaBQvL+peV7k+z/GEZqOyq8WCg\\nojrxnNaT9TeT8wFKsQ8vn4Eqh69KzuK6GwEyQaoE0goV9ptSRreYzGbcuLe3S/SB\\nzA3WJs5dpB8VL+YP11H1dvnfNizk12pVJg5qVYym+qfe5R4t1DtGVqji7RXkWMNi\\nIn1MWBXuYNxoFtl9cgYJ3d5fyz2yj5/UoPov1XYQOz5NpZDWKYPWwkDnB+s568kx\\ntT/fujlVlzSOJhCY/L8/M+0nbGD42pp9N2SfQQdmuca1PG/IZTC36oqepvWjwDyg\\nlobvLRBLCmQRygk7rIls2II/zUCl6bZpBXcvFCJNIQKBgQD3vLTjlENd8xDf+Bs5\\nBo7Be/pbKAApXYc0TQDvpZCddRbWxBoRNuwaeb3M8wBL6v5y7cvDdI1OxGThcULg\\nNWG1Y9IhcSgRT2zGt73aFGAmrOJ8R5FlxyTVhxTrcEKQrz+hDl0pa0LsZiNYjQfF\\nMAn/pbHixNYTAFiRmQ1yWaILYQKBgQC14VMWkTypCjoSCIw9u88Xq/PZHJyAjgqj\\nfrHzGApCYQmJIbCZ4CBDFFO+5nWQiN4TMWY/uSJUzDvHd4UTqco+GrY2d8aGBov2\\nbTG7gkN4CMfvqIKG2Qwx3GGTB4je31/1HNNhfgocQHb9HDadlGzO5Qy3mSyEJ1lR\\nbB06+ng+GQKBgQCGyov5T1AgLAJAejQFoQXHTHd5ZZhA6XyI/mTF/2Vh5rVYgTZV\\nq3ZnKVoVyxmcNO3hBnVZkW7ZLo5dA00JxMG2+er4+yJ72KUssgiAQZnXMTXBvQbl\\nQ6dM7sR5HYl6Q3/xV2llAdFV4nTU11ck+PBXwoW5BrQbfpKyFX51e0NpwQKBgB1V\\njBsVrZzt41PJQSUrx0jgGOIpdSxevGSGKJk2hWETWYBeiKcouMtY2fDuJoP7LyYV\\nT5Jzf5ABqJqRMktrlQzTLhQ22TQAlk5WajD933faorSKjxLEquzXyHz4OCEKEeXs\\nkkMlGuhXlVlZVY2wxKPR2W07LSzbU9KIB2bdwsrxAoGBAO2XkQhYKaP5PHMtLp3v\\nBp3hF6TDaw/AeeOvQ15HXTY2Z2NiBISrqqyNwUCmj8vlWL+WznMR+CUAlXyo+RwM\\nROBVm8+rj1Uc0vL/mMmwFWuRLX0HPFK80mtwEFttlFiTjb2BC4E9bq90Q87dIVqU\\niZ2n03+gpvjwLSRf/p/J49TV\\n-----END PRIVATE KEY-----\\n\",\n  \"client_email\": \"provisioner-svc@provisioner-21eeb5948763cbf8.iam.gserviceaccount.com\",\n  \"client_id\": \"104872783254480395839\",\n  \"auth_uri\": \"https://accounts.google.com/o/oauth2/auth\",\n  \"token_uri\": \"https://oauth2.googleapis.com/token\",\n  \"auth_provider_x509_cert_url\": \"https://www.googleapis.com/oauth2/v1/certs\",\n  \"client_x509_cert_url\": \"https://www.googleapis.com/robot/v1/metadata/x509/provisioner-svc%40provisioner-21eeb5948763cbf8.iam.gserviceaccount.com\"\n}\n",
                            "filename": "~/provisioner-svc.json",
                            "id": "9087d88e770aa6faea47af47bc13f15749269e96"
                        },
                        "meta": {},
                        "tainted": false
                    },
                    "deposed": [],
                    "provider": "provider.local"
                },
                "random_id.random": {
                    "type": "random_id",
                    "depends_on": [],
                    "primary": {
                        "id": "Ie61lIdjy_g",
                        "attributes": {
                            "b64": "provisioner-Ie61lIdjy_g",
                            "b64_std": "provisioner-Ie61lIdjy/g=",
                            "b64_url": "provisioner-Ie61lIdjy_g",
                            "byte_length": "8",
                            "dec": "provisioner-2445091297240009720",
                            "hex": "provisioner-21eeb5948763cbf8",
                            "id": "Ie61lIdjy_g",
                            "prefix": "provisioner-"
                        },
                        "meta": {},
                        "tainted": false
                    },
                    "deposed": [],
                    "provider": "provider.random"
                }
            },
            "depends_on": []
        }
    ]
}
